// !$*UTF8*$!
{
	archiveVersion = 1;
	classes = {
	};
	objectVersion = 46;
	objects = {

/* Begin PBXBuildFile section */
		D03AEB581CE182FE00CB48DC /* GuideController.m in Sources */ = {isa = PBXBuildFile; fileRef = D03AEB571CE182FE00CB48DC /* GuideController.m */; };
		D03C86601CDC7A9900337090 /* Media.xcassets in Resources */ = {isa = PBXBuildFile; fileRef = D03C865F1CDC7A9900337090 /* Media.xcassets */; };
		D05095D01CC804B00027F45D /* OperationController.m in Sources */ = {isa = PBXBuildFile; fileRef = D05095CF1CC804B00027F45D /* OperationController.m */; };
		D05095D31CC805CD0027F45D /* OperationCell.m in Sources */ = {isa = PBXBuildFile; fileRef = D05095D21CC805CD0027F45D /* OperationCell.m */; };
		D05095D61CC80FC30027F45D /* PaddingCell.m in Sources */ = {isa = PBXBuildFile; fileRef = D05095D51CC80FC30027F45D /* PaddingCell.m */; };
		D0558F1C202406AF009D6F29 /* Operation.storyboard in Resources */ = {isa = PBXBuildFile; fileRef = D0558F1A202406AF009D6F29 /* Operation.storyboard */; };
		D0558F212028849D009D6F29 /* init_mapping.plist in Resources */ = {isa = PBXBuildFile; fileRef = D0558F202028849C009D6F29 /* init_mapping.plist */; };
		D0558F24202943B0009D6F29 /* DataManager+Game.m in Sources */ = {isa = PBXBuildFile; fileRef = D0558F23202943B0009D6F29 /* DataManager+Game.m */; };
		D0558F29202943CE009D6F29 /* database.xcdatamodeld in Sources */ = {isa = PBXBuildFile; fileRef = D0558F25202943CD009D6F29 /* database.xcdatamodeld */; };
		D0558F2A202943CE009D6F29 /* DataManager.m in Sources */ = {isa = PBXBuildFile; fileRef = D0558F27202943CD009D6F29 /* DataManager.m */; };
		D0558FFC2029738E009D6F29 /* GameManager.m in Sources */ = {isa = PBXBuildFile; fileRef = D0558FFB2029738E009D6F29 /* GameManager.m */; };
		D0558FFE20297EF8009D6F29 /* init_terrains.plist in Resources */ = {isa = PBXBuildFile; fileRef = D0558FFD20297EF8009D6F29 /* init_terrains.plist */; };
		D055900020298042009D6F29 /* init_overlay.plist in Resources */ = {isa = PBXBuildFile; fileRef = D0558FFF20298042009D6F29 /* init_overlay.plist */; };
		D0559002202981CC009D6F29 /* init_unit_types.plist in Resources */ = {isa = PBXBuildFile; fileRef = D0559001202981CC009D6F29 /* init_unit_types.plist */; };
		D0559004202984B6009D6F29 /* init_map_types.plist in Resources */ = {isa = PBXBuildFile; fileRef = D0559003202984B6009D6F29 /* init_map_types.plist */; };
		D05780C81C5DE41600E9195D /* main.m in Sources */ = {isa = PBXBuildFile; fileRef = D05780C71C5DE41600E9195D /* main.m */; };
		D05780CB1C5DE41600E9195D /* AppDelegate.m in Sources */ = {isa = PBXBuildFile; fileRef = D05780CA1C5DE41600E9195D /* AppDelegate.m */; };
		D05780D11C5DE41600E9195D /* Main.storyboard in Resources */ = {isa = PBXBuildFile; fileRef = D05780CF1C5DE41600E9195D /* Main.storyboard */; };
		D05780D61C5DE41600E9195D /* Assets.xcassets in Resources */ = {isa = PBXBuildFile; fileRef = D05780D51C5DE41600E9195D /* Assets.xcassets */; };
		D05780D91C5DE41600E9195D /* LaunchScreen.storyboard in Resources */ = {isa = PBXBuildFile; fileRef = D05780D71C5DE41600E9195D /* LaunchScreen.storyboard */; };
		D05780E21C5DEEC000E9195D /* FrameController.m in Sources */ = {isa = PBXBuildFile; fileRef = D05780E11C5DEEC000E9195D /* FrameController.m */; };
		D05780E81C5DEEFA00E9195D /* LoginController.m in Sources */ = {isa = PBXBuildFile; fileRef = D05780E71C5DEEFA00E9195D /* LoginController.m */; };
		D05780EC1C5DF11F00E9195D /* LoginActionCell.m in Sources */ = {isa = PBXBuildFile; fileRef = D05780EB1C5DF11F00E9195D /* LoginActionCell.m */; };
		D05780EF1C5DF12C00E9195D /* LoginInputCell.m in Sources */ = {isa = PBXBuildFile; fileRef = D05780EE1C5DF12C00E9195D /* LoginInputCell.m */; };
		D0594CB12021897000AD5E27 /* ActionCell.m in Sources */ = {isa = PBXBuildFile; fileRef = D0594CB02021897000AD5E27 /* ActionCell.m */; };
		D0940BFA1C5DFD2F00B9C5C7 /* MapCellLayout.m in Sources */ = {isa = PBXBuildFile; fileRef = D0940BF91C5DFD2F00B9C5C7 /* MapCellLayout.m */; };
		D0940BFE1C5DFD5000B9C5C7 /* MapCell.m in Sources */ = {isa = PBXBuildFile; fileRef = D0940BFD1C5DFD5000B9C5C7 /* MapCell.m */; };
		D0940C011C5DFD6900B9C5C7 /* MapDatasource.m in Sources */ = {isa = PBXBuildFile; fileRef = D0940C001C5DFD6900B9C5C7 /* MapDatasource.m */; };
		D09E8ECD20200776002B1967 /* Map.storyboard in Resources */ = {isa = PBXBuildFile; fileRef = D09E8ECB20200776002B1967 /* Map.storyboard */; };
		D09E8ED020205327002B1967 /* InfoCell.m in Sources */ = {isa = PBXBuildFile; fileRef = D09E8ECF20205327002B1967 /* InfoCell.m */; };
		D0D0A9ED1CE08E8E008E4D68 /* Libian.ttc in Resources */ = {isa = PBXBuildFile; fileRef = D0D0A9EC1CE08D47008E4D68 /* Libian.ttc */; };
		D0E25C4A2022DFF8006D1503 /* ActionLayout.m in Sources */ = {isa = PBXBuildFile; fileRef = D0E25C492022DFF8006D1503 /* ActionLayout.m */; };
/* End PBXBuildFile section */

/* Begin PBXFileReference section */
		D00BC6B61C5F5DC40011E293 /* Commons.h */ = {isa = PBXFileReference; fileEncoding = 4; lastKnownFileType = sourcecode.c.h; path = Commons.h; sourceTree = "<group>"; };
		D03AEB561CE182FE00CB48DC /* GuideController.h */ = {isa = PBXFileReference; fileEncoding = 4; lastKnownFileType = sourcecode.c.h; path = GuideController.h; sourceTree = "<group>"; };
		D03AEB571CE182FE00CB48DC /* GuideController.m */ = {isa = PBXFileReference; fileEncoding = 4; lastKnownFileType = sourcecode.c.objc; path = GuideController.m; sourceTree = "<group>"; };
		D03C865F1CDC7A9900337090 /* Media.xcassets */ = {isa = PBXFileReference; lastKnownFileType = folder.assetcatalog; path = Media.xcassets; sourceTree = "<group>"; };
		D05095CE1CC804B00027F45D /* OperationController.h */ = {isa = PBXFileReference; fileEncoding = 4; lastKnownFileType = sourcecode.c.h; path = OperationController.h; sourceTree = "<group>"; };
		D05095CF1CC804B00027F45D /* OperationController.m */ = {isa = PBXFileReference; fileEncoding = 4; lastKnownFileType = sourcecode.c.objc; path = OperationController.m; sourceTree = "<group>"; };
		D05095D11CC805CD0027F45D /* OperationCell.h */ = {isa = PBXFileReference; fileEncoding = 4; lastKnownFileType = sourcecode.c.h; path = OperationCell.h; sourceTree = "<group>"; };
		D05095D21CC805CD0027F45D /* OperationCell.m */ = {isa = PBXFileReference; fileEncoding = 4; lastKnownFileType = sourcecode.c.objc; path = OperationCell.m; sourceTree = "<group>"; };
		D05095D41CC80FC30027F45D /* PaddingCell.h */ = {isa = PBXFileReference; fileEncoding = 4; lastKnownFileType = sourcecode.c.h; path = PaddingCell.h; sourceTree = "<group>"; };
		D05095D51CC80FC30027F45D /* PaddingCell.m */ = {isa = PBXFileReference; fileEncoding = 4; lastKnownFileType = sourcecode.c.objc; path = PaddingCell.m; sourceTree = "<group>"; };
		D0558F1B202406AF009D6F29 /* Base */ = {isa = PBXFileReference; lastKnownFileType = file.storyboard; name = Base; path = Base.lproj/Operation.storyboard; sourceTree = "<group>"; };
		D0558F202028849C009D6F29 /* init_mapping.plist */ = {isa = PBXFileReference; lastKnownFileType = text.plist.xml; name = init_mapping.plist; path = Database/init_mapping.plist; sourceTree = "<group>"; };
		D0558F22202943B0009D6F29 /* DataManager+Game.h */ = {isa = PBXFileReference; lastKnownFileType = sourcecode.c.h; name = "DataManager+Game.h"; path = "Database/DataManager+Game.h"; sourceTree = "<group>"; };
		D0558F23202943B0009D6F29 /* DataManager+Game.m */ = {isa = PBXFileReference; lastKnownFileType = sourcecode.c.objc; name = "DataManager+Game.m"; path = "Database/DataManager+Game.m"; sourceTree = "<group>"; };
		D0558F26202943CD009D6F29 /* magicworld.xcdatamodel */ = {isa = PBXFileReference; lastKnownFileType = wrapper.xcdatamodel; path = magicworld.xcdatamodel; sourceTree = "<group>"; };
		D0558F27202943CD009D6F29 /* DataManager.m */ = {isa = PBXFileReference; fileEncoding = 4; lastKnownFileType = sourcecode.c.objc; name = DataManager.m; path = Database/DataManager.m; sourceTree = "<group>"; };
		D0558F28202943CE009D6F29 /* DataManager.h */ = {isa = PBXFileReference; fileEncoding = 4; lastKnownFileType = sourcecode.c.h; name = DataManager.h; path = Database/DataManager.h; sourceTree = "<group>"; };
		D0558FFA2029738E009D6F29 /* GameManager.h */ = {isa = PBXFileReference; lastKnownFileType = sourcecode.c.h; path = GameManager.h; sourceTree = "<group>"; };
		D0558FFB2029738E009D6F29 /* GameManager.m */ = {isa = PBXFileReference; lastKnownFileType = sourcecode.c.objc; path = GameManager.m; sourceTree = "<group>"; };
		D0558FFD20297EF8009D6F29 /* init_terrains.plist */ = {isa = PBXFileReference; lastKnownFileType = text.plist.xml; name = init_terrains.plist; path = Database/init_terrains.plist; sourceTree = "<group>"; };
		D0558FFF20298042009D6F29 /* init_overlay.plist */ = {isa = PBXFileReference; lastKnownFileType = text.plist.xml; path = init_overlay.plist; sourceTree = "<group>"; };
		D0559001202981CC009D6F29 /* init_unit_types.plist */ = {isa = PBXFileReference; lastKnownFileType = text.plist.xml; path = init_unit_types.plist; sourceTree = "<group>"; };
		D0559003202984B6009D6F29 /* init_map_types.plist */ = {isa = PBXFileReference; lastKnownFileType = text.plist.xml; path = init_map_types.plist; sourceTree = "<group>"; };
		D05780C31C5DE41600E9195D /* magicworld.app */ = {isa = PBXFileReference; explicitFileType = wrapper.application; includeInIndex = 0; path = magicworld.app; sourceTree = BUILT_PRODUCTS_DIR; };
		D05780C71C5DE41600E9195D /* main.m */ = {isa = PBXFileReference; lastKnownFileType = sourcecode.c.objc; path = main.m; sourceTree = "<group>"; };
		D05780C91C5DE41600E9195D /* AppDelegate.h */ = {isa = PBXFileReference; lastKnownFileType = sourcecode.c.h; path = AppDelegate.h; sourceTree = "<group>"; };
		D05780CA1C5DE41600E9195D /* AppDelegate.m */ = {isa = PBXFileReference; lastKnownFileType = sourcecode.c.objc; path = AppDelegate.m; sourceTree = "<group>"; };
		D05780D01C5DE41600E9195D /* Base */ = {isa = PBXFileReference; lastKnownFileType = file.storyboard; name = Base; path = Base.lproj/Main.storyboard; sourceTree = "<group>"; xcLanguageSpecificationIdentifier = xcode.lang.xml; };
		D05780D51C5DE41600E9195D /* Assets.xcassets */ = {isa = PBXFileReference; lastKnownFileType = folder.assetcatalog; path = Assets.xcassets; sourceTree = "<group>"; };
		D05780D81C5DE41600E9195D /* Base */ = {isa = PBXFileReference; lastKnownFileType = file.storyboard; name = Base; path = Base.lproj/LaunchScreen.storyboard; sourceTree = "<group>"; };
		D05780DA1C5DE41600E9195D /* Info.plist */ = {isa = PBXFileReference; lastKnownFileType = text.plist.xml; path = Info.plist; sourceTree = "<group>"; };
		D05780E01C5DEEC000E9195D /* FrameController.h */ = {isa = PBXFileReference; fileEncoding = 4; lastKnownFileType = sourcecode.c.h; path = FrameController.h; sourceTree = "<group>"; };
		D05780E11C5DEEC000E9195D /* FrameController.m */ = {isa = PBXFileReference; fileEncoding = 4; lastKnownFileType = sourcecode.c.objc; path = FrameController.m; sourceTree = "<group>"; };
		D05780E61C5DEEFA00E9195D /* LoginController.h */ = {isa = PBXFileReference; fileEncoding = 4; lastKnownFileType = sourcecode.c.h; path = LoginController.h; sourceTree = "<group>"; };
		D05780E71C5DEEFA00E9195D /* LoginController.m */ = {isa = PBXFileReference; fileEncoding = 4; lastKnownFileType = sourcecode.c.objc; path = LoginController.m; sourceTree = "<group>"; };
		D05780EA1C5DF11F00E9195D /* LoginActionCell.h */ = {isa = PBXFileReference; fileEncoding = 4; lastKnownFileType = sourcecode.c.h; path = LoginActionCell.h; sourceTree = "<group>"; };
		D05780EB1C5DF11F00E9195D /* LoginActionCell.m */ = {isa = PBXFileReference; fileEncoding = 4; lastKnownFileType = sourcecode.c.objc; path = LoginActionCell.m; sourceTree = "<group>"; };
		D05780ED1C5DF12C00E9195D /* LoginInputCell.h */ = {isa = PBXFileReference; fileEncoding = 4; lastKnownFileType = sourcecode.c.h; path = LoginInputCell.h; sourceTree = "<group>"; };
		D05780EE1C5DF12C00E9195D /* LoginInputCell.m */ = {isa = PBXFileReference; fileEncoding = 4; lastKnownFileType = sourcecode.c.objc; path = LoginInputCell.m; sourceTree = "<group>"; };
		D0594CAF2021897000AD5E27 /* ActionCell.h */ = {isa = PBXFileReference; lastKnownFileType = sourcecode.c.h; path = ActionCell.h; sourceTree = "<group>"; };
		D0594CB02021897000AD5E27 /* ActionCell.m */ = {isa = PBXFileReference; lastKnownFileType = sourcecode.c.objc; path = ActionCell.m; sourceTree = "<group>"; };
		D0940BF81C5DFD2F00B9C5C7 /* MapCellLayout.h */ = {isa = PBXFileReference; fileEncoding = 4; lastKnownFileType = sourcecode.c.h; path = MapCellLayout.h; sourceTree = "<group>"; };
		D0940BF91C5DFD2F00B9C5C7 /* MapCellLayout.m */ = {isa = PBXFileReference; fileEncoding = 4; lastKnownFileType = sourcecode.c.objc; path = MapCellLayout.m; sourceTree = "<group>"; };
		D0940BFC1C5DFD5000B9C5C7 /* MapCell.h */ = {isa = PBXFileReference; fileEncoding = 4; lastKnownFileType = sourcecode.c.h; path = MapCell.h; sourceTree = "<group>"; };
		D0940BFD1C5DFD5000B9C5C7 /* MapCell.m */ = {isa = PBXFileReference; fileEncoding = 4; lastKnownFileType = sourcecode.c.objc; path = MapCell.m; sourceTree = "<group>"; };
		D0940BFF1C5DFD6900B9C5C7 /* MapDatasource.h */ = {isa = PBXFileReference; fileEncoding = 4; lastKnownFileType = sourcecode.c.h; path = MapDatasource.h; sourceTree = "<group>"; };
		D0940C001C5DFD6900B9C5C7 /* MapDatasource.m */ = {isa = PBXFileReference; fileEncoding = 4; lastKnownFileType = sourcecode.c.objc; path = MapDatasource.m; sourceTree = "<group>"; };
		D09E8ECC20200776002B1967 /* Base */ = {isa = PBXFileReference; lastKnownFileType = file.storyboard; name = Base; path = Base.lproj/Map.storyboard; sourceTree = "<group>"; };
		D09E8ECE20205327002B1967 /* InfoCell.h */ = {isa = PBXFileReference; lastKnownFileType = sourcecode.c.h; path = InfoCell.h; sourceTree = "<group>"; };
		D09E8ECF20205327002B1967 /* InfoCell.m */ = {isa = PBXFileReference; lastKnownFileType = sourcecode.c.objc; path = InfoCell.m; sourceTree = "<group>"; };
		D0D0A9EC1CE08D47008E4D68 /* Libian.ttc */ = {isa = PBXFileReference; lastKnownFileType = file; path = Libian.ttc; sourceTree = "<group>"; };
		D0E25C482022DFF8006D1503 /* ActionLayout.h */ = {isa = PBXFileReference; fileEncoding = 4; lastKnownFileType = sourcecode.c.h; path = ActionLayout.h; sourceTree = "<group>"; };
		D0E25C492022DFF8006D1503 /* ActionLayout.m */ = {isa = PBXFileReference; fileEncoding = 4; lastKnownFileType = sourcecode.c.objc; path = ActionLayout.m; sourceTree = "<group>"; };
/* End PBXFileReference section */

/* Begin PBXFrameworksBuildPhase section */
		D05780C01C5DE41600E9195D /* Frameworks */ = {
			isa = PBXFrameworksBuildPhase;
			buildActionMask = 2147483647;
			files = (
			);
			runOnlyForDeploymentPostprocessing = 0;
		};
/* End PBXFrameworksBuildPhase section */

/* Begin PBXGroup section */
		D05095CD1CC804630027F45D /* Operation */ = {
			isa = PBXGroup;
			children = (
				D0558F1A202406AF009D6F29 /* Operation.storyboard */,
				D05095CE1CC804B00027F45D /* OperationController.h */,
				D05095CF1CC804B00027F45D /* OperationController.m */,
				D05095D11CC805CD0027F45D /* OperationCell.h */,
				D05095D21CC805CD0027F45D /* OperationCell.m */,
				D05095D41CC80FC30027F45D /* PaddingCell.h */,
				D05095D51CC80FC30027F45D /* PaddingCell.m */,
			);
			name = Operation;
			sourceTree = "<group>";
		};
		D0558F1820240641009D6F29 /* Frame */ = {
			isa = PBXGroup;
			children = (
				D05780E01C5DEEC000E9195D /* FrameController.h */,
				D05780E11C5DEEC000E9195D /* FrameController.m */,
				D0594CAF2021897000AD5E27 /* ActionCell.h */,
				D0594CB02021897000AD5E27 /* ActionCell.m */,
				D0E25C482022DFF8006D1503 /* ActionLayout.h */,
				D0E25C492022DFF8006D1503 /* ActionLayout.m */,
			);
			name = Frame;
			sourceTree = "<group>";
		};
		D0558F1920240662009D6F29 /* Resource */ = {
			isa = PBXGroup;
			children = (
				D05780D71C5DE41600E9195D /* LaunchScreen.storyboard */,
				D05780D51C5DE41600E9195D /* Assets.xcassets */,
				D03C865F1CDC7A9900337090 /* Media.xcassets */,
			);
			name = Resource;
			sourceTree = "<group>";
		};
		D0558FF920294A13009D6F29 /* objects */ = {
			isa = PBXGroup;
			children = (
			);
			name = objects;
			sourceTree = "<group>";
		};
		D05780BA1C5DE41600E9195D = {
			isa = PBXGroup;
			children = (
				D05780C51C5DE41600E9195D /* magicworld */,
				D05780C41C5DE41600E9195D /* Products */,
			);
			sourceTree = "<group>";
		};
		D05780C41C5DE41600E9195D /* Products */ = {
			isa = PBXGroup;
			children = (
				D05780C31C5DE41600E9195D /* magicworld.app */,
			);
			name = Products;
			sourceTree = "<group>";
		};
		D05780C51C5DE41600E9195D /* magicworld */ = {
			isa = PBXGroup;
			children = (
				D05780E91C5DEF3B00E9195D /* Database */,
				D05780C91C5DE41600E9195D /* AppDelegate.h */,
				D05780CA1C5DE41600E9195D /* AppDelegate.m */,
				D05780CF1C5DE41600E9195D /* Main.storyboard */,
				D03AEB561CE182FE00CB48DC /* GuideController.h */,
				D03AEB571CE182FE00CB48DC /* GuideController.m */,
				D0558FFA2029738E009D6F29 /* GameManager.h */,
				D0558FFB2029738E009D6F29 /* GameManager.m */,
				D0558F1820240641009D6F29 /* Frame */,
				D0940BFB1C5DFD3500B9C5C7 /* Map */,
				D05095CD1CC804630027F45D /* Operation */,
				D0558F1920240662009D6F29 /* Resource */,
				D05780C61C5DE41600E9195D /* Supporting Files */,
			);
			path = magicworld;
			sourceTree = "<group>";
		};
		D05780C61C5DE41600E9195D /* Supporting Files */ = {
			isa = PBXGroup;
			children = (
				D0D0A9EC1CE08D47008E4D68 /* Libian.ttc */,
				D00BC6B61C5F5DC40011E293 /* Commons.h */,
				D05780DA1C5DE41600E9195D /* Info.plist */,
				D05780C71C5DE41600E9195D /* main.m */,
			);
			name = "Supporting Files";
			sourceTree = "<group>";
		};
		D05780E91C5DEF3B00E9195D /* Database */ = {
			isa = PBXGroup;
			children = (
				D0558F25202943CD009D6F29 /* database.xcdatamodeld */,
				D0558F28202943CE009D6F29 /* DataManager.h */,
				D0558F27202943CD009D6F29 /* DataManager.m */,
				D0558F22202943B0009D6F29 /* DataManager+Game.h */,
				D0558F23202943B0009D6F29 /* DataManager+Game.m */,
				D0558F202028849C009D6F29 /* init_mapping.plist */,
				D0558FFD20297EF8009D6F29 /* init_terrains.plist */,
				D0558FFF20298042009D6F29 /* init_overlay.plist */,
				D0559001202981CC009D6F29 /* init_unit_types.plist */,
				D0559003202984B6009D6F29 /* init_map_types.plist */,
				D0558FF920294A13009D6F29 /* objects */,
			);
			name = Database;
			sourceTree = "<group>";
		};
		D05780F01C5DF13400E9195D /* Login */ = {
			isa = PBXGroup;
			children = (
				D05780E61C5DEEFA00E9195D /* LoginController.h */,
				D05780E71C5DEEFA00E9195D /* LoginController.m */,
				D05780EA1C5DF11F00E9195D /* LoginActionCell.h */,
				D05780EB1C5DF11F00E9195D /* LoginActionCell.m */,
				D05780ED1C5DF12C00E9195D /* LoginInputCell.h */,
				D05780EE1C5DF12C00E9195D /* LoginInputCell.m */,
			);
			name = Login;
			sourceTree = "<group>";
		};
		D0940BFB1C5DFD3500B9C5C7 /* Map */ = {
			isa = PBXGroup;
			children = (
				D09E8ECB20200776002B1967 /* Map.storyboard */,
				D05780F01C5DF13400E9195D /* Login */,
				D09E8ECE20205327002B1967 /* InfoCell.h */,
				D09E8ECF20205327002B1967 /* InfoCell.m */,
				D0940BFC1C5DFD5000B9C5C7 /* MapCell.h */,
				D0940BFD1C5DFD5000B9C5C7 /* MapCell.m */,
				D0940BFF1C5DFD6900B9C5C7 /* MapDatasource.h */,
				D0940C001C5DFD6900B9C5C7 /* MapDatasource.m */,
				D0940BF81C5DFD2F00B9C5C7 /* MapCellLayout.h */,
				D0940BF91C5DFD2F00B9C5C7 /* MapCellLayout.m */,
			);
			name = Map;
			sourceTree = "<group>";
		};
/* End PBXGroup section */

/* Begin PBXNativeTarget section */
		D05780C21C5DE41600E9195D /* magicworld */ = {
			isa = PBXNativeTarget;
			buildConfigurationList = D05780DD1C5DE41600E9195D /* Build configuration list for PBXNativeTarget "magicworld" */;
			buildPhases = (
				D05780BF1C5DE41600E9195D /* Sources */,
				D05780C01C5DE41600E9195D /* Frameworks */,
				D05780C11C5DE41600E9195D /* Resources */,
			);
			buildRules = (
			);
			dependencies = (
			);
			name = magicworld;
			productName = magicworld;
			productReference = D05780C31C5DE41600E9195D /* magicworld.app */;
			productType = "com.apple.product-type.application";
		};
/* End PBXNativeTarget section */

/* Begin PBXProject section */
		D05780BB1C5DE41600E9195D /* Project object */ = {
			isa = PBXProject;
			attributes = {
				LastUpgradeCheck = 0920;
				ORGANIZATIONNAME = Suzic;
				TargetAttributes = {
					D05780C21C5DE41600E9195D = {
						CreatedOnToolsVersion = 7.2;
						DevelopmentTeam = EBE8LN5WDY;
					};
				};
			};
			buildConfigurationList = D05780BE1C5DE41600E9195D /* Build configuration list for PBXProject "magicworld" */;
			compatibilityVersion = "Xcode 3.2";
			developmentRegion = English;
			hasScannedForEncodings = 0;
			knownRegions = (
				en,
				Base,
			);
			mainGroup = D05780BA1C5DE41600E9195D;
			productRefGroup = D05780C41C5DE41600E9195D /* Products */;
			projectDirPath = "";
			projectRoot = "";
			targets = (
				D05780C21C5DE41600E9195D /* magicworld */,
			);
		};
/* End PBXProject section */

/* Begin PBXResourcesBuildPhase section */
		D05780C11C5DE41600E9195D /* Resources */ = {
			isa = PBXResourcesBuildPhase;
			buildActionMask = 2147483647;
			files = (
				D0558FFE20297EF8009D6F29 /* init_terrains.plist in Resources */,
				D055900020298042009D6F29 /* init_overlay.plist in Resources */,
				D0559004202984B6009D6F29 /* init_map_types.plist in Resources */,
				D05780D91C5DE41600E9195D /* LaunchScreen.storyboard in Resources */,
				D0558F1C202406AF009D6F29 /* Operation.storyboard in Resources */,
				D05780D61C5DE41600E9195D /* Assets.xcassets in Resources */,
				D0558F212028849D009D6F29 /* init_mapping.plist in Resources */,
				D0559002202981CC009D6F29 /* init_unit_types.plist in Resources */,
				D03C86601CDC7A9900337090 /* Media.xcassets in Resources */,
				D05780D11C5DE41600E9195D /* Main.storyboard in Resources */,
				D0D0A9ED1CE08E8E008E4D68 /* Libian.ttc in Resources */,
				D09E8ECD20200776002B1967 /* Map.storyboard in Resources */,
			);
			runOnlyForDeploymentPostprocessing = 0;
		};
/* End PBXResourcesBuildPhase section */

/* Begin PBXSourcesBuildPhase section */
		D05780BF1C5DE41600E9195D /* Sources */ = {
			isa = PBXSourcesBuildPhase;
			buildActionMask = 2147483647;
			files = (
				D0940C011C5DFD6900B9C5C7 /* MapDatasource.m in Sources */,
				D05780E21C5DEEC000E9195D /* FrameController.m in Sources */,
				D0940BFA1C5DFD2F00B9C5C7 /* MapCellLayout.m in Sources */,
				D05780CB1C5DE41600E9195D /* AppDelegate.m in Sources */,
				D03AEB581CE182FE00CB48DC /* GuideController.m in Sources */,
				D05780EC1C5DF11F00E9195D /* LoginActionCell.m in Sources */,
				D05780C81C5DE41600E9195D /* main.m in Sources */,
				D09E8ED020205327002B1967 /* InfoCell.m in Sources */,
				D05095D61CC80FC30027F45D /* PaddingCell.m in Sources */,
				D05095D01CC804B00027F45D /* OperationController.m in Sources */,
				D0594CB12021897000AD5E27 /* ActionCell.m in Sources */,
				D0E25C4A2022DFF8006D1503 /* ActionLayout.m in Sources */,
				D0558F24202943B0009D6F29 /* DataManager+Game.m in Sources */,
				D05095D31CC805CD0027F45D /* OperationCell.m in Sources */,
				D0558F2A202943CE009D6F29 /* DataManager.m in Sources */,
				D05780E81C5DEEFA00E9195D /* LoginController.m in Sources */,
				D0940BFE1C5DFD5000B9C5C7 /* MapCell.m in Sources */,
				D0558FFC2029738E009D6F29 /* GameManager.m in Sources */,
				D0558F29202943CE009D6F29 /* database.xcdatamodeld in Sources */,
				D05780EF1C5DF12C00E9195D /* LoginInputCell.m in Sources */,
			);
			runOnlyForDeploymentPostprocessing = 0;
		};
/* End PBXSourcesBuildPhase section */

/* Begin PBXVariantGroup section */
		D0558F1A202406AF009D6F29 /* Operation.storyboard */ = {
			isa = PBXVariantGroup;
			children = (
				D0558F1B202406AF009D6F29 /* Base */,
			);
			name = Operation.storyboard;
			sourceTree = "<group>";
		};
		D05780CF1C5DE41600E9195D /* Main.storyboard */ = {
			isa = PBXVariantGroup;
			children = (
				D05780D01C5DE41600E9195D /* Base */,
			);
			name = Main.storyboard;
			sourceTree = "<group>";
		};
		D05780D71C5DE41600E9195D /* LaunchScreen.storyboard */ = {
			isa = PBXVariantGroup;
			children = (
				D05780D81C5DE41600E9195D /* Base */,
			);
			name = LaunchScreen.storyboard;
			sourceTree = "<group>";
		};
		D09E8ECB20200776002B1967 /* Map.storyboard */ = {
			isa = PBXVariantGroup;
			children = (
				D09E8ECC20200776002B1967 /* Base */,
			);
			name = Map.storyboard;
			sourceTree = "<group>";
		};
/* End PBXVariantGroup section */

/* Begin XCBuildConfiguration section */
		D05780DB1C5DE41600E9195D /* Debug */ = {
			isa = XCBuildConfiguration;
			buildSettings = {
				ALWAYS_SEARCH_USER_PATHS = NO;
				CLANG_CXX_LANGUAGE_STANDARD = "gnu++0x";
				CLANG_CXX_LIBRARY = "libc++";
				CLANG_ENABLE_MODULES = YES;
				CLANG_ENABLE_OBJC_ARC = YES;
				CLANG_WARN_BLOCK_CAPTURE_AUTORELEASING = YES;
				CLANG_WARN_BOOL_CONVERSION = YES;
				CLANG_WARN_COMMA = YES;
				CLANG_WARN_CONSTANT_CONVERSION = YES;
				CLANG_WARN_DIRECT_OBJC_ISA_USAGE = YES_ERROR;
				CLANG_WARN_EMPTY_BODY = YES;
				CLANG_WARN_ENUM_CONVERSION = YES;
				CLANG_WARN_INFINITE_RECURSION = YES;
				CLANG_WARN_INT_CONVERSION = YES;
				CLANG_WARN_NON_LITERAL_NULL_CONVERSION = YES;
				CLANG_WARN_OBJC_LITERAL_CONVERSION = YES;
				CLANG_WARN_OBJC_ROOT_CLASS = YES_ERROR;
				CLANG_WARN_RANGE_LOOP_ANALYSIS = YES;
				CLANG_WARN_STRICT_PROTOTYPES = YES;
				CLANG_WARN_SUSPICIOUS_MOVE = YES;
				CLANG_WARN_UNREACHABLE_CODE = YES;
				CLANG_WARN__DUPLICATE_METHOD_MATCH = YES;
				"CODE_SIGN_IDENTITY[sdk=iphoneos*]" = "iPhone Developer";
				COPY_PHASE_STRIP = NO;
				DEBUG_INFORMATION_FORMAT = dwarf;
				ENABLE_STRICT_OBJC_MSGSEND = YES;
				ENABLE_TESTABILITY = YES;
				GCC_C_LANGUAGE_STANDARD = gnu99;
				GCC_DYNAMIC_NO_PIC = NO;
				GCC_NO_COMMON_BLOCKS = YES;
				GCC_OPTIMIZATION_LEVEL = 0;
				GCC_PREPROCESSOR_DEFINITIONS = (
					"DEBUG=1",
					"$(inherited)",
				);
				GCC_WARN_64_TO_32_BIT_CONVERSION = YES;
				GCC_WARN_ABOUT_RETURN_TYPE = YES_ERROR;
				GCC_WARN_UNDECLARED_SELECTOR = YES;
				GCC_WARN_UNINITIALIZED_AUTOS = YES_AGGRESSIVE;
				GCC_WARN_UNUSED_FUNCTION = YES;
				GCC_WARN_UNUSED_VARIABLE = YES;
				IPHONEOS_DEPLOYMENT_TARGET = 9.0;
				MTL_ENABLE_DEBUG_INFO = YES;
				ONLY_ACTIVE_ARCH = YES;
				SDKROOT = iphoneos;
				TARGETED_DEVICE_FAMILY = "1,2";
			};
			name = Debug;
		};
		D05780DC1C5DE41600E9195D /* Release */ = {
			isa = XCBuildConfiguration;
			buildSettings = {
				ALWAYS_SEARCH_USER_PATHS = NO;
				CLANG_CXX_LANGUAGE_STANDARD = "gnu++0x";
				CLANG_CXX_LIBRARY = "libc++";
				CLANG_ENABLE_MODULES = YES;
				CLANG_ENABLE_OBJC_ARC = YES;
				CLANG_WARN_BLOCK_CAPTURE_AUTORELEASING = YES;
				CLANG_WARN_BOOL_CONVERSION = YES;
				CLANG_WARN_COMMA = YES;
				CLANG_WARN_CONSTANT_CONVERSION = YES;
				CLANG_WARN_DIRECT_OBJC_ISA_USAGE = YES_ERROR;
				CLANG_WARN_EMPTY_BODY = YES;
				CLANG_WARN_ENUM_CONVERSION = YES;
				CLANG_WARN_INFINITE_RECURSION = YES;
				CLANG_WARN_INT_CONVERSION = YES;
				CLANG_WARN_NON_LITERAL_NULL_CONVERSION = YES;
				CLANG_WARN_OBJC_LITERAL_CONVERSION = YES;
				CLANG_WARN_OBJC_ROOT_CLASS = YES_ERROR;
				CLANG_WARN_RANGE_LOOP_ANALYSIS = YES;
				CLANG_WARN_STRICT_PROTOTYPES = YES;
				CLANG_WARN_SUSPICIOUS_MOVE = YES;
				CLANG_WARN_UNREACHABLE_CODE = YES;
				CLANG_WARN__DUPLICATE_METHOD_MATCH = YES;
				"CODE_SIGN_IDENTITY[sdk=iphoneos*]" = "iPhone Developer";
				COPY_PHASE_STRIP = NO;
				DEBUG_INFORMATION_FORMAT = "dwarf-with-dsym";
				ENABLE_NS_ASSERTIONS = NO;
				ENABLE_STRICT_OBJC_MSGSEND = YES;
				GCC_C_LANGUAGE_STANDARD = gnu99;
				GCC_NO_COMMON_BLOCKS = YES;
				GCC_WARN_64_TO_32_BIT_CONVERSION = YES;
				GCC_WARN_ABOUT_RETURN_TYPE = YES_ERROR;
				GCC_WARN_UNDECLARED_SELECTOR = YES;
				GCC_WARN_UNINITIALIZED_AUTOS = YES_AGGRESSIVE;
				GCC_WARN_UNUSED_FUNCTION = YES;
				GCC_WARN_UNUSED_VARIABLE = YES;
				IPHONEOS_DEPLOYMENT_TARGET = 9.0;
				MTL_ENABLE_DEBUG_INFO = NO;
				SDKROOT = iphoneos;
				TARGETED_DEVICE_FAMILY = "1,2";
				VALIDATE_PRODUCT = YES;
			};
			name = Release;
		};
		D05780DE1C5DE41600E9195D /* Debug */ = {
			isa = XCBuildConfiguration;
			buildSettings = {
				ASSETCATALOG_COMPILER_APPICON_NAME = AppIcon;
				CODE_SIGN_IDENTITY = "iPhone Developer";
				DEVELOPMENT_TEAM = EBE8LN5WDY;
				GCC_PRECOMPILE_PREFIX_HEADER = YES;
				GCC_PREFIX_HEADER = magicworld/Commons.h;
				INFOPLIST_FILE = magicworld/Info.plist;
				IPHONEOS_DEPLOYMENT_TARGET = 9.0;
				LD_RUNPATH_SEARCH_PATHS = "$(inherited) @executable_path/Frameworks";
				PRODUCT_BUNDLE_IDENTIFIER = com.suzic.magicworld1;
				PRODUCT_NAME = "$(TARGET_NAME)";
			};
			name = Debug;
		};
		D05780DF1C5DE41600E9195D /* Release */ = {
			isa = XCBuildConfiguration;
			buildSettings = {
				ASSETCATALOG_COMPILER_APPICON_NAME = AppIcon;
				CODE_SIGN_IDENTITY = "iPhone Developer";
				DEVELOPMENT_TEAM = EBE8LN5WDY;
				GCC_PRECOMPILE_PREFIX_HEADER = YES;
				GCC_PREFIX_HEADER = magicworld/Commons.h;
				INFOPLIST_FILE = magicworld/Info.plist;
				IPHONEOS_DEPLOYMENT_TARGET = 9.0;
				LD_RUNPATH_SEARCH_PATHS = "$(inherited) @executable_path/Frameworks";
				PRODUCT_BUNDLE_IDENTIFIER = com.suzic.magicworld1;
				PRODUCT_NAME = "$(TARGET_NAME)";
			};
			name = Release;
		};
/* End XCBuildConfiguration section */

/* Begin XCConfigurationList section */
		D05780BE1C5DE41600E9195D /* Build configuration list for PBXProject "magicworld" */ = {
			isa = XCConfigurationList;
			buildConfigurations = (
				D05780DB1C5DE41600E9195D /* Debug */,
				D05780DC1C5DE41600E9195D /* Release */,
			);
			defaultConfigurationIsVisible = 0;
			defaultConfigurationName = Release;
		};
		D05780DD1C5DE41600E9195D /* Build configuration list for PBXNativeTarget "magicworld" */ = {
			isa = XCConfigurationList;
			buildConfigurations = (
				D05780DE1C5DE41600E9195D /* Debug */,
				D05780DF1C5DE41600E9195D /* Release */,
			);
			defaultConfigurationIsVisible = 0;
			defaultConfigurationName = Release;
		};
/* End XCConfigurationList section */

/* Begin XCVersionGroup section */
		D0558F25202943CD009D6F29 /* database.xcdatamodeld */ = {
			isa = XCVersionGroup;
			children = (
				D0558F26202943CD009D6F29 /* magicworld.xcdatamodel */,
			);
			currentVersion = D0558F26202943CD009D6F29 /* magicworld.xcdatamodel */;
			name = database.xcdatamodeld;
			path = Database/database.xcdatamodeld;
			sourceTree = "<group>";
			versionGroupType = wrapper.xcdatamodel;
		};
/* End XCVersionGroup section */
	};
	rootObject = D05780BB1C5DE41600E9195D /* Project object */;
}
