// !$*UTF8*$!
{
	archiveVersion = 1;
	classes = {
	};
	objectVersion = 46;
	objects = {

/* Begin PBXBuildFile section */
		D05780C81C5DE41600E9195D /* main.m in Sources */ = {isa = PBXBuildFile; fileRef = D05780C71C5DE41600E9195D /* main.m */; };
		D05780CB1C5DE41600E9195D /* AppDelegate.m in Sources */ = {isa = PBXBuildFile; fileRef = D05780CA1C5DE41600E9195D /* AppDelegate.m */; };
		D05780D11C5DE41600E9195D /* Main.storyboard in Resources */ = {isa = PBXBuildFile; fileRef = D05780CF1C5DE41600E9195D /* Main.storyboard */; };
		D05780D41C5DE41600E9195D /* magicworld.xcdatamodeld in Sources */ = {isa = PBXBuildFile; fileRef = D05780D21C5DE41600E9195D /* magicworld.xcdatamodeld */; };
		D05780D61C5DE41600E9195D /* Assets.xcassets in Resources */ = {isa = PBXBuildFile; fileRef = D05780D51C5DE41600E9195D /* Assets.xcassets */; };
		D05780D91C5DE41600E9195D /* LaunchScreen.storyboard in Resources */ = {isa = PBXBuildFile; fileRef = D05780D71C5DE41600E9195D /* LaunchScreen.storyboard */; };
		D05780E21C5DEEC000E9195D /* FrameController.m in Sources */ = {isa = PBXBuildFile; fileRef = D05780E11C5DEEC000E9195D /* FrameController.m */; };
		D05780E51C5DEECF00E9195D /* MapController.m in Sources */ = {isa = PBXBuildFile; fileRef = D05780E41C5DEECF00E9195D /* MapController.m */; };
		D05780E81C5DEEFA00E9195D /* LoginController.m in Sources */ = {isa = PBXBuildFile; fileRef = D05780E71C5DEEFA00E9195D /* LoginController.m */; };
		D05780EC1C5DF11F00E9195D /* LoginActionCell.m in Sources */ = {isa = PBXBuildFile; fileRef = D05780EB1C5DF11F00E9195D /* LoginActionCell.m */; };
		D05780EF1C5DF12C00E9195D /* LoginInputCell.m in Sources */ = {isa = PBXBuildFile; fileRef = D05780EE1C5DF12C00E9195D /* LoginInputCell.m */; };
/* End PBXBuildFile section */

/* Begin PBXFileReference section */
		D05780C31C5DE41600E9195D /* magicworld.app */ = {isa = PBXFileReference; explicitFileType = wrapper.application; includeInIndex = 0; path = magicworld.app; sourceTree = BUILT_PRODUCTS_DIR; };
		D05780C71C5DE41600E9195D /* main.m */ = {isa = PBXFileReference; lastKnownFileType = sourcecode.c.objc; path = main.m; sourceTree = "<group>"; };
		D05780C91C5DE41600E9195D /* AppDelegate.h */ = {isa = PBXFileReference; lastKnownFileType = sourcecode.c.h; path = AppDelegate.h; sourceTree = "<group>"; };
		D05780CA1C5DE41600E9195D /* AppDelegate.m */ = {isa = PBXFileReference; lastKnownFileType = sourcecode.c.objc; path = AppDelegate.m; sourceTree = "<group>"; };
		D05780D01C5DE41600E9195D /* Base */ = {isa = PBXFileReference; lastKnownFileType = file.storyboard; name = Base; path = Base.lproj/Main.storyboard; sourceTree = "<group>"; };
		D05780D31C5DE41600E9195D /* magicworld.xcdatamodel */ = {isa = PBXFileReference; lastKnownFileType = wrapper.xcdatamodel; path = magicworld.xcdatamodel; sourceTree = "<group>"; };
		D05780D51C5DE41600E9195D /* Assets.xcassets */ = {isa = PBXFileReference; lastKnownFileType = folder.assetcatalog; path = Assets.xcassets; sourceTree = "<group>"; };
		D05780D81C5DE41600E9195D /* Base */ = {isa = PBXFileReference; lastKnownFileType = file.storyboard; name = Base; path = Base.lproj/LaunchScreen.storyboard; sourceTree = "<group>"; };
		D05780DA1C5DE41600E9195D /* Info.plist */ = {isa = PBXFileReference; lastKnownFileType = text.plist.xml; path = Info.plist; sourceTree = "<group>"; };
		D05780E01C5DEEC000E9195D /* FrameController.h */ = {isa = PBXFileReference; fileEncoding = 4; lastKnownFileType = sourcecode.c.h; path = FrameController.h; sourceTree = "<group>"; };
		D05780E11C5DEEC000E9195D /* FrameController.m */ = {isa = PBXFileReference; fileEncoding = 4; lastKnownFileType = sourcecode.c.objc; path = FrameController.m; sourceTree = "<group>"; };
		D05780E31C5DEECF00E9195D /* MapController.h */ = {isa = PBXFileReference; fileEncoding = 4; lastKnownFileType = sourcecode.c.h; path = MapController.h; sourceTree = "<group>"; };
		D05780E41C5DEECF00E9195D /* MapController.m */ = {isa = PBXFileReference; fileEncoding = 4; lastKnownFileType = sourcecode.c.objc; path = MapController.m; sourceTree = "<group>"; };
		D05780E61C5DEEFA00E9195D /* LoginController.h */ = {isa = PBXFileReference; fileEncoding = 4; lastKnownFileType = sourcecode.c.h; path = LoginController.h; sourceTree = "<group>"; };
		D05780E71C5DEEFA00E9195D /* LoginController.m */ = {isa = PBXFileReference; fileEncoding = 4; lastKnownFileType = sourcecode.c.objc; path = LoginController.m; sourceTree = "<group>"; };
		D05780EA1C5DF11F00E9195D /* LoginActionCell.h */ = {isa = PBXFileReference; fileEncoding = 4; lastKnownFileType = sourcecode.c.h; path = LoginActionCell.h; sourceTree = "<group>"; };
		D05780EB1C5DF11F00E9195D /* LoginActionCell.m */ = {isa = PBXFileReference; fileEncoding = 4; lastKnownFileType = sourcecode.c.objc; path = LoginActionCell.m; sourceTree = "<group>"; };
		D05780ED1C5DF12C00E9195D /* LoginInputCell.h */ = {isa = PBXFileReference; fileEncoding = 4; lastKnownFileType = sourcecode.c.h; path = LoginInputCell.h; sourceTree = "<group>"; };
		D05780EE1C5DF12C00E9195D /* LoginInputCell.m */ = {isa = PBXFileReference; fileEncoding = 4; lastKnownFileType = sourcecode.c.objc; path = LoginInputCell.m; sourceTree = "<group>"; };
/* End PBXFileReference section */

/* Begin PBXFrameworksBuildPhase section */
		D05780C01C5DE41600E9195D /* Frameworks */ = {
			isa = PBXFrameworksBuildPhase;
			buildActionMask = 2147483647;
			files = (
			);
			runOnlyForDeploymentPostprocessing = 0;
		};
/* End PBXFrameworksBuildPhase section */

/* Begin PBXGroup section */
		D05780BA1C5DE41600E9195D = {
			isa = PBXGroup;
			children = (
				D05780C51C5DE41600E9195D /* magicworld */,
				D05780C41C5DE41600E9195D /* Products */,
			);
			sourceTree = "<group>";
		};
		D05780C41C5DE41600E9195D /* Products */ = {
			isa = PBXGroup;
			children = (
				D05780C31C5DE41600E9195D /* magicworld.app */,
			);
			name = Products;
			sourceTree = "<group>";
		};
		D05780C51C5DE41600E9195D /* magicworld */ = {
			isa = PBXGroup;
			children = (
				D05780C91C5DE41600E9195D /* AppDelegate.h */,
				D05780CA1C5DE41600E9195D /* AppDelegate.m */,
				D05780CF1C5DE41600E9195D /* Main.storyboard */,
				D05780D71C5DE41600E9195D /* LaunchScreen.storyboard */,
				D05780D51C5DE41600E9195D /* Assets.xcassets */,
				D05780E01C5DEEC000E9195D /* FrameController.h */,
				D05780E11C5DEEC000E9195D /* FrameController.m */,
				D05780E31C5DEECF00E9195D /* MapController.h */,
				D05780E41C5DEECF00E9195D /* MapController.m */,
				D05780F01C5DF13400E9195D /* Login */,
				D05780E91C5DEF3B00E9195D /* Database */,
				D05780C61C5DE41600E9195D /* Supporting Files */,
			);
			path = magicworld;
			sourceTree = "<group>";
		};
		D05780C61C5DE41600E9195D /* Supporting Files */ = {
			isa = PBXGroup;
			children = (
				D05780DA1C5DE41600E9195D /* Info.plist */,
				D05780C71C5DE41600E9195D /* main.m */,
			);
			name = "Supporting Files";
			sourceTree = "<group>";
		};
		D05780E91C5DEF3B00E9195D /* Database */ = {
			isa = PBXGroup;
			children = (
				D05780D21C5DE41600E9195D /* magicworld.xcdatamodeld */,
			);
			name = Database;
			sourceTree = "<group>";
		};
		D05780F01C5DF13400E9195D /* Login */ = {
			isa = PBXGroup;
			children = (
				D05780E61C5DEEFA00E9195D /* LoginController.h */,
				D05780E71C5DEEFA00E9195D /* LoginController.m */,
				D05780EA1C5DF11F00E9195D /* LoginActionCell.h */,
				D05780EB1C5DF11F00E9195D /* LoginActionCell.m */,
				D05780ED1C5DF12C00E9195D /* LoginInputCell.h */,
				D05780EE1C5DF12C00E9195D /* LoginInputCell.m */,
			);
			name = Login;
			sourceTree = "<group>";
		};
/* End PBXGroup section */

/* Begin PBXNativeTarget section */
		D05780C21C5DE41600E9195D /* magicworld */ = {
			isa = PBXNativeTarget;
			buildConfigurationList = D05780DD1C5DE41600E9195D /* Build configuration list for PBXNativeTarget "magicworld" */;
			buildPhases = (
				D05780BF1C5DE41600E9195D /* Sources */,
				D05780C01C5DE41600E9195D /* Frameworks */,
				D05780C11C5DE41600E9195D /* Resources */,
			);
			buildRules = (
			);
			dependencies = (
			);
			name = magicworld;
			productName = magicworld;
			productReference = D05780C31C5DE41600E9195D /* magicworld.app */;
			productType = "com.apple.product-type.application";
		};
/* End PBXNativeTarget section */

/* Begin PBXProject section */
		D05780BB1C5DE41600E9195D /* Project object */ = {
			isa = PBXProject;
			attributes = {
				LastUpgradeCheck = 0720;
				ORGANIZATIONNAME = Suzic;
				TargetAttributes = {
					D05780C21C5DE41600E9195D = {
						CreatedOnToolsVersion = 7.2;
					};
				};
			};
			buildConfigurationList = D05780BE1C5DE41600E9195D /* Build configuration list for PBXProject "magicworld" */;
			compatibilityVersion = "Xcode 3.2";
			developmentRegion = English;
			hasScannedForEncodings = 0;
			knownRegions = (
				en,
				Base,
			);
			mainGroup = D05780BA1C5DE41600E9195D;
			productRefGroup = D05780C41C5DE41600E9195D /* Products */;
			projectDirPath = "";
			projectRoot = "";
			targets = (
				D05780C21C5DE41600E9195D /* magicworld */,
			);
		};
/* End PBXProject section */

/* Begin PBXResourcesBuildPhase section */
		D05780C11C5DE41600E9195D /* Resources */ = {
			isa = PBXResourcesBuildPhase;
			buildActionMask = 2147483647;
			files = (
				D05780D91C5DE41600E9195D /* LaunchScreen.storyboard in Resources */,
				D05780D61C5DE41600E9195D /* Assets.xcassets in Resources */,
				D05780D11C5DE41600E9195D /* Main.storyboard in Resources */,
			);
			runOnlyForDeploymentPostprocessing = 0;
		};
/* End PBXResourcesBuildPhase section */

/* Begin PBXSourcesBuildPhase section */
		D05780BF1C5DE41600E9195D /* Sources */ = {
			isa = PBXSourcesBuildPhase;
			buildActionMask = 2147483647;
			files = (
				D05780D41C5DE41600E9195D /* magicworld.xcdatamodeld in Sources */,
				D05780E21C5DEEC000E9195D /* FrameController.m in Sources */,
				D05780CB1C5DE41600E9195D /* AppDelegate.m in Sources */,
				D05780E51C5DEECF00E9195D /* MapController.m in Sources */,
				D05780EC1C5DF11F00E9195D /* LoginActionCell.m in Sources */,
				D05780C81C5DE41600E9195D /* main.m in Sources */,
				D05780E81C5DEEFA00E9195D /* LoginController.m in Sources */,
				D05780EF1C5DF12C00E9195D /* LoginInputCell.m in Sources */,
			);
			runOnlyForDeploymentPostprocessing = 0;
		};
/* End PBXSourcesBuildPhase section */

/* Begin PBXVariantGroup section */
		D05780CF1C5DE41600E9195D /* Main.storyboard */ = {
			isa = PBXVariantGroup;
			children = (
				D05780D01C5DE41600E9195D /* Base */,
			);
			name = Main.storyboard;
			sourceTree = "<group>";
		};
		D05780D71C5DE41600E9195D /* LaunchScreen.storyboard */ = {
			isa = PBXVariantGroup;
			children = (
				D05780D81C5DE41600E9195D /* Base */,
			);
			name = LaunchScreen.storyboard;
			sourceTree = "<group>";
		};
/* End PBXVariantGroup section */

/* Begin XCBuildConfiguration section */
		D05780DB1C5DE41600E9195D /* Debug */ = {
			isa = XCBuildConfiguration;
			buildSettings = {
				ALWAYS_SEARCH_USER_PATHS = NO;
				CLANG_CXX_LANGUAGE_STANDARD = "gnu++0x";
				CLANG_CXX_LIBRARY = "libc++";
				CLANG_ENABLE_MODULES = YES;
				CLANG_ENABLE_OBJC_ARC = YES;
				CLANG_WARN_BOOL_CONVERSION = YES;
				CLANG_WARN_CONSTANT_CONVERSION = YES;
				CLANG_WARN_DIRECT_OBJC_ISA_USAGE = YES_ERROR;
				CLANG_WARN_EMPTY_BODY = YES;
				CLANG_WARN_ENUM_CONVERSION = YES;
				CLANG_WARN_INT_CONVERSION = YES;
				CLANG_WARN_OBJC_ROOT_CLASS = YES_ERROR;
				CLANG_WARN_UNREACHABLE_CODE = YES;
				CLANG_WARN__DUPLICATE_METHOD_MATCH = YES;
				"CODE_SIGN_IDENTITY[sdk=iphoneos*]" = "iPhone Developer";
				COPY_PHASE_STRIP = NO;
				DEBUG_INFORMATION_FORMAT = dwarf;
				ENABLE_STRICT_OBJC_MSGSEND = YES;
				ENABLE_TESTABILITY = YES;
				GCC_C_LANGUAGE_STANDARD = gnu99;
				GCC_DYNAMIC_NO_PIC = NO;
				GCC_NO_COMMON_BLOCKS = YES;
				GCC_OPTIMIZATION_LEVEL = 0;
				GCC_PREPROCESSOR_DEFINITIONS = (
					"DEBUG=1",
					"$(inherited)",
				);
				GCC_WARN_64_TO_32_BIT_CONVERSION = YES;
				GCC_WARN_ABOUT_RETURN_TYPE = YES_ERROR;
				GCC_WARN_UNDECLARED_SELECTOR = YES;
				GCC_WARN_UNINITIALIZED_AUTOS = YES_AGGRESSIVE;
				GCC_WARN_UNUSED_FUNCTION = YES;
				GCC_WARN_UNUSED_VARIABLE = YES;
				IPHONEOS_DEPLOYMENT_TARGET = 9.2;
				MTL_ENABLE_DEBUG_INFO = YES;
				ONLY_ACTIVE_ARCH = YES;
				SDKROOT = iphoneos;
				TARGETED_DEVICE_FAMILY = "1,2";
			};
			name = Debug;
		};
		D05780DC1C5DE41600E9195D /* Release */ = {
			isa = XCBuildConfiguration;
			buildSettings = {
				ALWAYS_SEARCH_USER_PATHS = NO;
				CLANG_CXX_LANGUAGE_STANDARD = "gnu++0x";
				CLANG_CXX_LIBRARY = "libc++";
				CLANG_ENABLE_MODULES = YES;
				CLANG_ENABLE_OBJC_ARC = YES;
				CLANG_WARN_BOOL_CONVERSION = YES;
				CLANG_WARN_CONSTANT_CONVERSION = YES;
				CLANG_WARN_DIRECT_OBJC_ISA_USAGE = YES_ERROR;
				CLANG_WARN_EMPTY_BODY = YES;
				CLANG_WARN_ENUM_CONVERSION = YES;
				CLANG_WARN_INT_CONVERSION = YES;
				CLANG_WARN_OBJC_ROOT_CLASS = YES_ERROR;
				CLANG_WARN_UNREACHABLE_CODE = YES;
				CLANG_WARN__DUPLICATE_METHOD_MATCH = YES;
				"CODE_SIGN_IDENTITY[sdk=iphoneos*]" = "iPhone Developer";
				COPY_PHASE_STRIP = NO;
				DEBUG_INFORMATION_FORMAT = "dwarf-with-dsym";
				ENABLE_NS_ASSERTIONS = NO;
				ENABLE_STRICT_OBJC_MSGSEND = YES;
				GCC_C_LANGUAGE_STANDARD = gnu99;
				GCC_NO_COMMON_BLOCKS = YES;
				GCC_WARN_64_TO_32_BIT_CONVERSION = YES;
				GCC_WARN_ABOUT_RETURN_TYPE = YES_ERROR;
				GCC_WARN_UNDECLARED_SELECTOR = YES;
				GCC_WARN_UNINITIALIZED_AUTOS = YES_AGGRESSIVE;
				GCC_WARN_UNUSED_FUNCTION = YES;
				GCC_WARN_UNUSED_VARIABLE = YES;
				IPHONEOS_DEPLOYMENT_TARGET = 9.2;
				MTL_ENABLE_DEBUG_INFO = NO;
				SDKROOT = iphoneos;
				TARGETED_DEVICE_FAMILY = "1,2";
				VALIDATE_PRODUCT = YES;
			};
			name = Release;
		};
		D05780DE1C5DE41600E9195D /* Debug */ = {
			isa = XCBuildConfiguration;
			buildSettings = {
				ASSETCATALOG_COMPILER_APPICON_NAME = AppIcon;
				INFOPLIST_FILE = magicworld/Info.plist;
				LD_RUNPATH_SEARCH_PATHS = "$(inherited) @executable_path/Frameworks";
				PRODUCT_BUNDLE_IDENTIFIER = com.suzic.magicworld;
				PRODUCT_NAME = "$(TARGET_NAME)";
			};
			name = Debug;
		};
		D05780DF1C5DE41600E9195D /* Release */ = {
			isa = XCBuildConfiguration;
			buildSettings = {
				ASSETCATALOG_COMPILER_APPICON_NAME = AppIcon;
				INFOPLIST_FILE = magicworld/Info.plist;
				LD_RUNPATH_SEARCH_PATHS = "$(inherited) @executable_path/Frameworks";
				PRODUCT_BUNDLE_IDENTIFIER = com.suzic.magicworld;
				PRODUCT_NAME = "$(TARGET_NAME)";
			};
			name = Release;
		};
/* End XCBuildConfiguration section */

/* Begin XCConfigurationList section */
		D05780BE1C5DE41600E9195D /* Build configuration list for PBXProject "magicworld" */ = {
			isa = XCConfigurationList;
			buildConfigurations = (
				D05780DB1C5DE41600E9195D /* Debug */,
				D05780DC1C5DE41600E9195D /* Release */,
			);
			defaultConfigurationIsVisible = 0;
			defaultConfigurationName = Release;
		};
		D05780DD1C5DE41600E9195D /* Build configuration list for PBXNativeTarget "magicworld" */ = {
			isa = XCConfigurationList;
			buildConfigurations = (
				D05780DE1C5DE41600E9195D /* Debug */,
				D05780DF1C5DE41600E9195D /* Release */,
			);
			defaultConfigurationIsVisible = 0;
			defaultConfigurationName = Release;
		};
/* End XCConfigurationList section */

/* Begin XCVersionGroup section */
		D05780D21C5DE41600E9195D /* magicworld.xcdatamodeld */ = {
			isa = XCVersionGroup;
			children = (
				D05780D31C5DE41600E9195D /* magicworld.xcdatamodel */,
			);
			currentVersion = D05780D31C5DE41600E9195D /* magicworld.xcdatamodel */;
			path = magicworld.xcdatamodeld;
			sourceTree = "<group>";
			versionGroupType = wrapper.xcdatamodel;
		};
/* End XCVersionGroup section */
	};
	rootObject = D05780BB1C5DE41600E9195D /* Project object */;
}
